// !$*UTF8*$!
{
	archiveVersion = 1;
	classes = {
	};
	objectVersion = 56;
	objects = {

/* Begin PBXBuildFile section */
		A748AF2B2BFC9FBB00375014 /* AppDelegate.swift in Sources */ = {isa = PBXBuildFile; fileRef = A748AF2A2BFC9FBB00375014 /* AppDelegate.swift */; };
		A748AF2D2BFC9FBB00375014 /* SceneDelegate.swift in Sources */ = {isa = PBXBuildFile; fileRef = A748AF2C2BFC9FBB00375014 /* SceneDelegate.swift */; };
		A748AF2F2BFC9FBB00375014 /* ViewController.swift in Sources */ = {isa = PBXBuildFile; fileRef = A748AF2E2BFC9FBB00375014 /* ViewController.swift */; };
		A748AF322BFC9FBB00375014 /* Base in Resources */ = {isa = PBXBuildFile; fileRef = A748AF312BFC9FBB00375014 /* Base */; };
		A748AF342BFC9FBD00375014 /* Assets.xcassets in Resources */ = {isa = PBXBuildFile; fileRef = A748AF332BFC9FBD00375014 /* Assets.xcassets */; };
		A748AF372BFC9FBD00375014 /* Base in Resources */ = {isa = PBXBuildFile; fileRef = A748AF362BFC9FBD00375014 /* Base */; };
		A748AF442BFD866900375014 /* GridCollectionViewCell.swift in Sources */ = {isa = PBXBuildFile; fileRef = A748AF422BFD866900375014 /* GridCollectionViewCell.swift */; };
		A748AF452BFD866900375014 /* GridCollectionViewCell.xib in Resources */ = {isa = PBXBuildFile; fileRef = A748AF432BFD866900375014 /* GridCollectionViewCell.xib */; };
		A748AF472BFDEBBD00375014 /* CircularButton.swift in Sources */ = {isa = PBXBuildFile; fileRef = A748AF462BFDEBBD00375014 /* CircularButton.swift */; };
		A748AF4A2BFED48700375014 /* Localizable.strings in Resources */ = {isa = PBXBuildFile; fileRef = A748AF482BFED48600375014 /* Localizable.strings */; };
		A748AF4E2BFEE2DD00375014 /* InfoPlist.strings in Resources */ = {isa = PBXBuildFile; fileRef = A748AF4C2BFEE2DD00375014 /* InfoPlist.strings */; };
		A79953D82C05B802006BE334 /* SwitchCameraViewController.swift in Sources */ = {isa = PBXBuildFile; fileRef = A79953D72C05B802006BE334 /* SwitchCameraViewController.swift */; };
/* End PBXBuildFile section */

/* Begin PBXFileReference section */
		A748AF272BFC9FBB00375014 /* lightLuxFlutter.app */ = {isa = PBXFileReference; explicitFileType = wrapper.application; includeInIndex = 0; path = lightLuxFlutter.app; sourceTree = BUILT_PRODUCTS_DIR; };
		A748AF2A2BFC9FBB00375014 /* AppDelegate.swift */ = {isa = PBXFileReference; lastKnownFileType = sourcecode.swift; path = AppDelegate.swift; sourceTree = "<group>"; };
		A748AF2C2BFC9FBB00375014 /* SceneDelegate.swift */ = {isa = PBXFileReference; lastKnownFileType = sourcecode.swift; path = SceneDelegate.swift; sourceTree = "<group>"; };
		A748AF2E2BFC9FBB00375014 /* ViewController.swift */ = {isa = PBXFileReference; lastKnownFileType = sourcecode.swift; path = ViewController.swift; sourceTree = "<group>"; };
		A748AF312BFC9FBB00375014 /* Base */ = {isa = PBXFileReference; lastKnownFileType = file.storyboard; name = Base; path = Base.lproj/Main.storyboard; sourceTree = "<group>"; };
		A748AF332BFC9FBD00375014 /* Assets.xcassets */ = {isa = PBXFileReference; lastKnownFileType = folder.assetcatalog; path = Assets.xcassets; sourceTree = "<group>"; };
		A748AF362BFC9FBD00375014 /* Base */ = {isa = PBXFileReference; lastKnownFileType = file.storyboard; name = Base; path = Base.lproj/LaunchScreen.storyboard; sourceTree = "<group>"; };
		A748AF382BFC9FBD00375014 /* Info.plist */ = {isa = PBXFileReference; lastKnownFileType = text.plist.xml; path = Info.plist; sourceTree = "<group>"; };
		A748AF422BFD866900375014 /* GridCollectionViewCell.swift */ = {isa = PBXFileReference; lastKnownFileType = sourcecode.swift; path = GridCollectionViewCell.swift; sourceTree = "<group>"; };
		A748AF432BFD866900375014 /* GridCollectionViewCell.xib */ = {isa = PBXFileReference; lastKnownFileType = file.xib; path = GridCollectionViewCell.xib; sourceTree = "<group>"; };
		A748AF462BFDEBBD00375014 /* CircularButton.swift */ = {isa = PBXFileReference; lastKnownFileType = sourcecode.swift; path = CircularButton.swift; sourceTree = "<group>"; };
		A748AF492BFED48600375014 /* en */ = {isa = PBXFileReference; lastKnownFileType = text.plist.strings; name = en; path = en.lproj/Localizable.strings; sourceTree = "<group>"; };
		A748AF4B2BFED65D00375014 /* zh-Hans */ = {isa = PBXFileReference; lastKnownFileType = text.plist.strings; name = "zh-Hans"; path = "zh-Hans.lproj/Localizable.strings"; sourceTree = "<group>"; };
		A748AF4D2BFEE2DD00375014 /* en */ = {isa = PBXFileReference; lastKnownFileType = text.plist.strings; name = en; path = en.lproj/InfoPlist.strings; sourceTree = "<group>"; };
		A748AF4F2BFEE38100375014 /* zh-Hans */ = {isa = PBXFileReference; lastKnownFileType = text.plist.strings; name = "zh-Hans"; path = "zh-Hans.lproj/InfoPlist.strings"; sourceTree = "<group>"; };
		A79953D72C05B802006BE334 /* SwitchCameraViewController.swift */ = {isa = PBXFileReference; lastKnownFileType = sourcecode.swift; path = SwitchCameraViewController.swift; sourceTree = "<group>"; };
/* End PBXFileReference section */

/* Begin PBXFrameworksBuildPhase section */
		A748AF242BFC9FBB00375014 /* Frameworks */ = {
			isa = PBXFrameworksBuildPhase;
			buildActionMask = 2147483647;
			files = (
			);
			runOnlyForDeploymentPostprocessing = 0;
		};
/* End PBXFrameworksBuildPhase section */

/* Begin PBXGroup section */
		A748AF1E2BFC9FBB00375014 = {
			isa = PBXGroup;
			children = (
				A748AF292BFC9FBB00375014 /* lightLuxFlutter */,
				A748AF282BFC9FBB00375014 /* Products */,
			);
			sourceTree = "<group>";
		};
		A748AF282BFC9FBB00375014 /* Products */ = {
			isa = PBXGroup;
			children = (
				A748AF272BFC9FBB00375014 /* lightLuxFlutter.app */,
			);
			name = Products;
			sourceTree = "<group>";
		};
		A748AF292BFC9FBB00375014 /* lightLuxFlutter */ = {
			isa = PBXGroup;
			children = (
				A748AF2A2BFC9FBB00375014 /* AppDelegate.swift */,
				A748AF2C2BFC9FBB00375014 /* SceneDelegate.swift */,
				A748AF2E2BFC9FBB00375014 /* ViewController.swift */,
				A79953D72C05B802006BE334 /* SwitchCameraViewController.swift */,
				A748AF422BFD866900375014 /* GridCollectionViewCell.swift */,
				A748AF432BFD866900375014 /* GridCollectionViewCell.xib */,
				A748AF462BFDEBBD00375014 /* CircularButton.swift */,
				A748AF302BFC9FBB00375014 /* Main.storyboard */,
				A748AF332BFC9FBD00375014 /* Assets.xcassets */,
				A748AF352BFC9FBD00375014 /* LaunchScreen.storyboard */,
				A748AF382BFC9FBD00375014 /* Info.plist */,
				A748AF4C2BFEE2DD00375014 /* InfoPlist.strings */,
				A748AF482BFED48600375014 /* Localizable.strings */,
			);
			path = lightLuxFlutter;
			sourceTree = "<group>";
		};
/* End PBXGroup section */

/* Begin PBXNativeTarget section */
		A748AF262BFC9FBB00375014 /* lightLuxFlutter */ = {
			isa = PBXNativeTarget;
			buildConfigurationList = A748AF3B2BFC9FBD00375014 /* Build configuration list for PBXNativeTarget "lightLuxFlutter" */;
			buildPhases = (
				A748AF232BFC9FBB00375014 /* Sources */,
				A748AF242BFC9FBB00375014 /* Frameworks */,
				A748AF252BFC9FBB00375014 /* Resources */,
			);
			buildRules = (
			);
			dependencies = (
			);
			name = lightLuxFlutter;
			productName = lightLuxFlutter;
			productReference = A748AF272BFC9FBB00375014 /* lightLuxFlutter.app */;
			productType = "com.apple.product-type.application";
		};
/* End PBXNativeTarget section */

/* Begin PBXProject section */
		A748AF1F2BFC9FBB00375014 /* Project object */ = {
			isa = PBXProject;
			attributes = {
				BuildIndependentTargetsInParallel = 1;
				LastSwiftUpdateCheck = 1530;
				LastUpgradeCheck = 1530;
				TargetAttributes = {
					A748AF262BFC9FBB00375014 = {
						CreatedOnToolsVersion = 15.3;
					};
				};
			};
			buildConfigurationList = A748AF222BFC9FBB00375014 /* Build configuration list for PBXProject "lightLuxFlutter" */;
			compatibilityVersion = "Xcode 14.0";
			developmentRegion = en;
			hasScannedForEncodings = 0;
			knownRegions = (
				en,
				Base,
				"zh-Hans",
			);
			mainGroup = A748AF1E2BFC9FBB00375014;
			productRefGroup = A748AF282BFC9FBB00375014 /* Products */;
			projectDirPath = "";
			projectRoot = "";
			targets = (
				A748AF262BFC9FBB00375014 /* lightLuxFlutter */,
			);
		};
/* End PBXProject section */

/* Begin PBXResourcesBuildPhase section */
		A748AF252BFC9FBB00375014 /* Resources */ = {
			isa = PBXResourcesBuildPhase;
			buildActionMask = 2147483647;
			files = (
				A748AF4A2BFED48700375014 /* Localizable.strings in Resources */,
				A748AF4E2BFEE2DD00375014 /* InfoPlist.strings in Resources */,
				A748AF452BFD866900375014 /* GridCollectionViewCell.xib in Resources */,
				A748AF342BFC9FBD00375014 /* Assets.xcassets in Resources */,
				A748AF372BFC9FBD00375014 /* Base in Resources */,
				A748AF322BFC9FBB00375014 /* Base in Resources */,
			);
			runOnlyForDeploymentPostprocessing = 0;
		};
/* End PBXResourcesBuildPhase section */

/* Begin PBXSourcesBuildPhase section */
		A748AF232BFC9FBB00375014 /* Sources */ = {
			isa = PBXSourcesBuildPhase;
			buildActionMask = 2147483647;
			files = (
				A748AF2F2BFC9FBB00375014 /* ViewController.swift in Sources */,
				A748AF472BFDEBBD00375014 /* CircularButton.swift in Sources */,
				A79953D82C05B802006BE334 /* SwitchCameraViewController.swift in Sources */,
				A748AF2B2BFC9FBB00375014 /* AppDelegate.swift in Sources */,
				A748AF2D2BFC9FBB00375014 /* SceneDelegate.swift in Sources */,
				A748AF442BFD866900375014 /* GridCollectionViewCell.swift in Sources */,
			);
			runOnlyForDeploymentPostprocessing = 0;
		};
/* End PBXSourcesBuildPhase section */

/* Begin PBXVariantGroup section */
		A748AF302BFC9FBB00375014 /* Main.storyboard */ = {
			isa = PBXVariantGroup;
			children = (
				A748AF312BFC9FBB00375014 /* Base */,
			);
			name = Main.storyboard;
			sourceTree = "<group>";
		};
		A748AF352BFC9FBD00375014 /* LaunchScreen.storyboard */ = {
			isa = PBXVariantGroup;
			children = (
				A748AF362BFC9FBD00375014 /* Base */,
			);
			name = LaunchScreen.storyboard;
			sourceTree = "<group>";
		};
		A748AF482BFED48600375014 /* Localizable.strings */ = {
			isa = PBXVariantGroup;
			children = (
				A748AF492BFED48600375014 /* en */,
				A748AF4B2BFED65D00375014 /* zh-Hans */,
			);
			name = Localizable.strings;
			sourceTree = "<group>";
		};
		A748AF4C2BFEE2DD00375014 /* InfoPlist.strings */ = {
			isa = PBXVariantGroup;
			children = (
				A748AF4D2BFEE2DD00375014 /* en */,
				A748AF4F2BFEE38100375014 /* zh-Hans */,
			);
			name = InfoPlist.strings;
			sourceTree = "<group>";
		};
/* End PBXVariantGroup section */

/* Begin XCBuildConfiguration section */
		A748AF392BFC9FBD00375014 /* Debug */ = {
			isa = XCBuildConfiguration;
			buildSettings = {
				ALWAYS_SEARCH_USER_PATHS = NO;
				ASSETCATALOG_COMPILER_GENERATE_SWIFT_ASSET_SYMBOL_EXTENSIONS = YES;
				CLANG_ANALYZER_LOCALIZABILITY_NONLOCALIZED = YES;
				CLANG_ANALYZER_NONNULL = YES;
				CLANG_ANALYZER_NUMBER_OBJECT_CONVERSION = YES_AGGRESSIVE;
				CLANG_CXX_LANGUAGE_STANDARD = "gnu++20";
				CLANG_ENABLE_MODULES = YES;
				CLANG_ENABLE_OBJC_ARC = YES;
				CLANG_ENABLE_OBJC_WEAK = YES;
				CLANG_WARN_BLOCK_CAPTURE_AUTORELEASING = YES;
				CLANG_WARN_BOOL_CONVERSION = YES;
				CLANG_WARN_COMMA = YES;
				CLANG_WARN_CONSTANT_CONVERSION = YES;
				CLANG_WARN_DEPRECATED_OBJC_IMPLEMENTATIONS = YES;
				CLANG_WARN_DIRECT_OBJC_ISA_USAGE = YES_ERROR;
				CLANG_WARN_DOCUMENTATION_COMMENTS = YES;
				CLANG_WARN_EMPTY_BODY = YES;
				CLANG_WARN_ENUM_CONVERSION = YES;
				CLANG_WARN_INFINITE_RECURSION = YES;
				CLANG_WARN_INT_CONVERSION = YES;
				CLANG_WARN_NON_LITERAL_NULL_CONVERSION = YES;
				CLANG_WARN_OBJC_IMPLICIT_RETAIN_SELF = YES;
				CLANG_WARN_OBJC_LITERAL_CONVERSION = YES;
				CLANG_WARN_OBJC_ROOT_CLASS = YES_ERROR;
				CLANG_WARN_QUOTED_INCLUDE_IN_FRAMEWORK_HEADER = YES;
				CLANG_WARN_RANGE_LOOP_ANALYSIS = YES;
				CLANG_WARN_STRICT_PROTOTYPES = YES;
				CLANG_WARN_SUSPICIOUS_MOVE = YES;
				CLANG_WARN_UNGUARDED_AVAILABILITY = YES_AGGRESSIVE;
				CLANG_WARN_UNREACHABLE_CODE = YES;
				CLANG_WARN__DUPLICATE_METHOD_MATCH = YES;
				COPY_PHASE_STRIP = NO;
				DEBUG_INFORMATION_FORMAT = dwarf;
				ENABLE_STRICT_OBJC_MSGSEND = YES;
				ENABLE_TESTABILITY = YES;
				ENABLE_USER_SCRIPT_SANDBOXING = YES;
				GCC_C_LANGUAGE_STANDARD = gnu17;
				GCC_DYNAMIC_NO_PIC = NO;
				GCC_NO_COMMON_BLOCKS = YES;
				GCC_OPTIMIZATION_LEVEL = 0;
				GCC_PREPROCESSOR_DEFINITIONS = (
					"DEBUG=1",
					"$(inherited)",
				);
				GCC_WARN_64_TO_32_BIT_CONVERSION = YES;
				GCC_WARN_ABOUT_RETURN_TYPE = YES_ERROR;
				GCC_WARN_UNDECLARED_SELECTOR = YES;
				GCC_WARN_UNINITIALIZED_AUTOS = YES_AGGRESSIVE;
				GCC_WARN_UNUSED_FUNCTION = YES;
				GCC_WARN_UNUSED_VARIABLE = YES;
				IPHONEOS_DEPLOYMENT_TARGET = 17.4;
				LOCALIZATION_PREFERS_STRING_CATALOGS = YES;
				MTL_ENABLE_DEBUG_INFO = INCLUDE_SOURCE;
				MTL_FAST_MATH = YES;
				ONLY_ACTIVE_ARCH = YES;
				SDKROOT = iphoneos;
				SWIFT_ACTIVE_COMPILATION_CONDITIONS = "DEBUG $(inherited)";
				SWIFT_OPTIMIZATION_LEVEL = "-Onone";
			};
			name = Debug;
		};
		A748AF3A2BFC9FBD00375014 /* Release */ = {
			isa = XCBuildConfiguration;
			buildSettings = {
				ALWAYS_SEARCH_USER_PATHS = NO;
				ASSETCATALOG_COMPILER_GENERATE_SWIFT_ASSET_SYMBOL_EXTENSIONS = YES;
				CLANG_ANALYZER_LOCALIZABILITY_NONLOCALIZED = YES;
				CLANG_ANALYZER_NONNULL = YES;
				CLANG_ANALYZER_NUMBER_OBJECT_CONVERSION = YES_AGGRESSIVE;
				CLANG_CXX_LANGUAGE_STANDARD = "gnu++20";
				CLANG_ENABLE_MODULES = YES;
				CLANG_ENABLE_OBJC_ARC = YES;
				CLANG_ENABLE_OBJC_WEAK = YES;
				CLANG_WARN_BLOCK_CAPTURE_AUTORELEASING = YES;
				CLANG_WARN_BOOL_CONVERSION = YES;
				CLANG_WARN_COMMA = YES;
				CLANG_WARN_CONSTANT_CONVERSION = YES;
				CLANG_WARN_DEPRECATED_OBJC_IMPLEMENTATIONS = YES;
				CLANG_WARN_DIRECT_OBJC_ISA_USAGE = YES_ERROR;
				CLANG_WARN_DOCUMENTATION_COMMENTS = YES;
				CLANG_WARN_EMPTY_BODY = YES;
				CLANG_WARN_ENUM_CONVERSION = YES;
				CLANG_WARN_INFINITE_RECURSION = YES;
				CLANG_WARN_INT_CONVERSION = YES;
				CLANG_WARN_NON_LITERAL_NULL_CONVERSION = YES;
				CLANG_WARN_OBJC_IMPLICIT_RETAIN_SELF = YES;
				CLANG_WARN_OBJC_LITERAL_CONVERSION = YES;
				CLANG_WARN_OBJC_ROOT_CLASS = YES_ERROR;
				CLANG_WARN_QUOTED_INCLUDE_IN_FRAMEWORK_HEADER = YES;
				CLANG_WARN_RANGE_LOOP_ANALYSIS = YES;
				CLANG_WARN_STRICT_PROTOTYPES = YES;
				CLANG_WARN_SUSPICIOUS_MOVE = YES;
				CLANG_WARN_UNGUARDED_AVAILABILITY = YES_AGGRESSIVE;
				CLANG_WARN_UNREACHABLE_CODE = YES;
				CLANG_WARN__DUPLICATE_METHOD_MATCH = YES;
				COPY_PHASE_STRIP = NO;
				DEBUG_INFORMATION_FORMAT = "dwarf-with-dsym";
				ENABLE_NS_ASSERTIONS = NO;
				ENABLE_STRICT_OBJC_MSGSEND = YES;
				ENABLE_USER_SCRIPT_SANDBOXING = YES;
				GCC_C_LANGUAGE_STANDARD = gnu17;
				GCC_NO_COMMON_BLOCKS = YES;
				GCC_WARN_64_TO_32_BIT_CONVERSION = YES;
				GCC_WARN_ABOUT_RETURN_TYPE = YES_ERROR;
				GCC_WARN_UNDECLARED_SELECTOR = YES;
				GCC_WARN_UNINITIALIZED_AUTOS = YES_AGGRESSIVE;
				GCC_WARN_UNUSED_FUNCTION = YES;
				GCC_WARN_UNUSED_VARIABLE = YES;
				IPHONEOS_DEPLOYMENT_TARGET = 17.4;
				LOCALIZATION_PREFERS_STRING_CATALOGS = YES;
				MTL_ENABLE_DEBUG_INFO = NO;
				MTL_FAST_MATH = YES;
				SDKROOT = iphoneos;
				SWIFT_COMPILATION_MODE = wholemodule;
				VALIDATE_PRODUCT = YES;
			};
			name = Release;
		};
		A748AF3C2BFC9FBD00375014 /* Debug */ = {
			isa = XCBuildConfiguration;
			buildSettings = {
				ASSETCATALOG_COMPILER_APPICON_NAME = AppIcon;
				ASSETCATALOG_COMPILER_GLOBAL_ACCENT_COLOR_NAME = AccentColor;
				CODE_SIGN_STYLE = Automatic;
				CURRENT_PROJECT_VERSION = 3;
				DEVELOPMENT_TEAM = YDJE97CX57;
				GENERATE_INFOPLIST_FILE = YES;
				INFOPLIST_FILE = lightLuxFlutter/Info.plist;
				INFOPLIST_KEY_CFBundleDisplayName = "三思照度计";
				INFOPLIST_KEY_NSCameraUsageDescription = "是否允许app使用摄像头获取光度值？";
				INFOPLIST_KEY_UIApplicationSupportsIndirectInputEvents = YES;
				INFOPLIST_KEY_UILaunchStoryboardName = LaunchScreen;
				INFOPLIST_KEY_UIMainStoryboardFile = Main;
				INFOPLIST_KEY_UISupportedInterfaceOrientations = UIInterfaceOrientationPortrait;
				INFOPLIST_KEY_UISupportedInterfaceOrientations_iPad = "UIInterfaceOrientationLandscapeLeft UIInterfaceOrientationLandscapeRight UIInterfaceOrientationPortrait UIInterfaceOrientationPortraitUpsideDown";
				IPHONEOS_DEPLOYMENT_TARGET = 13.0;
				LD_RUNPATH_SEARCH_PATHS = (
					"$(inherited)",
					"@executable_path/Frameworks",
				);
				MARKETING_VERSION = 1.0.3;
				PRODUCT_BUNDLE_IDENTIFIER = com.sansi.lightLuxFlutter;
				PRODUCT_NAME = "$(TARGET_NAME)";
				SWIFT_EMIT_LOC_STRINGS = YES;
				SWIFT_VERSION = 5.0;
				TARGETED_DEVICE_FAMILY = "1,2";
			};
			name = Debug;
		};
		A748AF3D2BFC9FBD00375014 /* Release */ = {
			isa = XCBuildConfiguration;
			buildSettings = {
				ASSETCATALOG_COMPILER_APPICON_NAME = AppIcon;
				ASSETCATALOG_COMPILER_GLOBAL_ACCENT_COLOR_NAME = AccentColor;
				CODE_SIGN_STYLE = Automatic;
				CURRENT_PROJECT_VERSION = 3;
				DEVELOPMENT_TEAM = YDJE97CX57;
				GENERATE_INFOPLIST_FILE = YES;
				INFOPLIST_FILE = lightLuxFlutter/Info.plist;
				INFOPLIST_KEY_CFBundleDisplayName = "三思照度计";
				INFOPLIST_KEY_NSCameraUsageDescription = "是否允许app使用摄像头获取光度值？";
				INFOPLIST_KEY_UIApplicationSupportsIndirectInputEvents = YES;
				INFOPLIST_KEY_UILaunchStoryboardName = LaunchScreen;
				INFOPLIST_KEY_UIMainStoryboardFile = Main;
				INFOPLIST_KEY_UISupportedInterfaceOrientations = UIInterfaceOrientationPortrait;
				INFOPLIST_KEY_UISupportedInterfaceOrientations_iPad = "UIInterfaceOrientationLandscapeLeft UIInterfaceOrientationLandscapeRight UIInterfaceOrientationPortrait UIInterfaceOrientationPortraitUpsideDown";
				IPHONEOS_DEPLOYMENT_TARGET = 13.0;
				LD_RUNPATH_SEARCH_PATHS = (
					"$(inherited)",
					"@executable_path/Frameworks",
				);
				MARKETING_VERSION = 1.0.3;
				PRODUCT_BUNDLE_IDENTIFIER = com.sansi.lightLuxFlutter;
				PRODUCT_NAME = "$(TARGET_NAME)";
				SWIFT_EMIT_LOC_STRINGS = YES;
				SWIFT_VERSION = 5.0;
				TARGETED_DEVICE_FAMILY = "1,2";
			};
			name = Release;
		};
/* End XCBuildConfiguration section */

/* Begin XCConfigurationList section */
		A748AF222BFC9FBB00375014 /* Build configuration list for PBXProject "lightLuxFlutter" */ = {
			isa = XCConfigurationList;
			buildConfigurations = (
				A748AF392BFC9FBD00375014 /* Debug */,
				A748AF3A2BFC9FBD00375014 /* Release */,
			);
			defaultConfigurationIsVisible = 0;
			defaultConfigurationName = Release;
		};
		A748AF3B2BFC9FBD00375014 /* Build configuration list for PBXNativeTarget "lightLuxFlutter" */ = {
			isa = XCConfigurationList;
			buildConfigurations = (
				A748AF3C2BFC9FBD00375014 /* Debug */,
				A748AF3D2BFC9FBD00375014 /* Release */,
			);
			defaultConfigurationIsVisible = 0;
			defaultConfigurationName = Release;
		};
/* End XCConfigurationList section */
	};
	rootObject = A748AF1F2BFC9FBB00375014 /* Project object */;
}
